// !$*UTF8*$!
{
	archiveVersion = 1;
	classes = {
	};
	objectVersion = 55;
	objects = {

/* Begin PBXBuildFile section */
		6F6F679228125CD200F1AE2C /* AppDelegate.swift in Sources */ = {isa = PBXBuildFile; fileRef = 6F6F679128125CD200F1AE2C /* AppDelegate.swift */; };
		6F6F679428125CD200F1AE2C /* SceneDelegate.swift in Sources */ = {isa = PBXBuildFile; fileRef = 6F6F679328125CD200F1AE2C /* SceneDelegate.swift */; };
		6F6F679628125CD200F1AE2C /* SearchVC.swift in Sources */ = {isa = PBXBuildFile; fileRef = 6F6F679528125CD200F1AE2C /* SearchVC.swift */; };
		6F6F679B28125CD500F1AE2C /* Assets.xcassets in Resources */ = {isa = PBXBuildFile; fileRef = 6F6F679A28125CD500F1AE2C /* Assets.xcassets */; };
		6F6F679E28125CD500F1AE2C /* LaunchScreen.storyboard in Resources */ = {isa = PBXBuildFile; fileRef = 6F6F679C28125CD500F1AE2C /* LaunchScreen.storyboard */; };
		6F744B9528150B9F0020BB66 /* NetworkManager.swift in Sources */ = {isa = PBXBuildFile; fileRef = 6F744B9428150B9F0020BB66 /* NetworkManager.swift */; };
		6F8C4C042814E3340025356C /* ASTextField.swift in Sources */ = {isa = PBXBuildFile; fileRef = 6F8C4C032814E3340025356C /* ASTextField.swift */; };
		6F8C4C062814E7BD0025356C /* ASButton.swift in Sources */ = {isa = PBXBuildFile; fileRef = 6F8C4C052814E7BD0025356C /* ASButton.swift */; };
		6F8C4C082814ED110025356C /* ASTextLabel.swift in Sources */ = {isa = PBXBuildFile; fileRef = 6F8C4C072814ED110025356C /* ASTextLabel.swift */; };
		6FCF51F628150E2900608FDB /* Photo.swift in Sources */ = {isa = PBXBuildFile; fileRef = 6FCF51F528150E2900608FDB /* Photo.swift */; };
		6FCF51F92815120A00608FDB /* ErrorMessage.swift in Sources */ = {isa = PBXBuildFile; fileRef = 6FCF51F82815120A00608FDB /* ErrorMessage.swift */; };
		6FCF51FB281515C700608FDB /* PhotoCell.swift in Sources */ = {isa = PBXBuildFile; fileRef = 6FCF51FA281515C700608FDB /* PhotoCell.swift */; };
/* End PBXBuildFile section */

/* Begin PBXFileReference section */
		6F6F678E28125CD200F1AE2C /* AppStemProject.app */ = {isa = PBXFileReference; explicitFileType = wrapper.application; includeInIndex = 0; path = AppStemProject.app; sourceTree = BUILT_PRODUCTS_DIR; };
		6F6F679128125CD200F1AE2C /* AppDelegate.swift */ = {isa = PBXFileReference; lastKnownFileType = sourcecode.swift; path = AppDelegate.swift; sourceTree = "<group>"; };
		6F6F679328125CD200F1AE2C /* SceneDelegate.swift */ = {isa = PBXFileReference; lastKnownFileType = sourcecode.swift; path = SceneDelegate.swift; sourceTree = "<group>"; };
		6F6F679528125CD200F1AE2C /* SearchVC.swift */ = {isa = PBXFileReference; lastKnownFileType = sourcecode.swift; path = SearchVC.swift; sourceTree = "<group>"; };
		6F6F679A28125CD500F1AE2C /* Assets.xcassets */ = {isa = PBXFileReference; lastKnownFileType = folder.assetcatalog; path = Assets.xcassets; sourceTree = "<group>"; };
		6F6F679D28125CD500F1AE2C /* Base */ = {isa = PBXFileReference; lastKnownFileType = file.storyboard; name = Base; path = Base.lproj/LaunchScreen.storyboard; sourceTree = "<group>"; };
		6F6F679F28125CD500F1AE2C /* Info.plist */ = {isa = PBXFileReference; lastKnownFileType = text.plist.xml; path = Info.plist; sourceTree = "<group>"; };
		6F744B9428150B9F0020BB66 /* NetworkManager.swift */ = {isa = PBXFileReference; lastKnownFileType = sourcecode.swift; path = NetworkManager.swift; sourceTree = "<group>"; };
		6F8C4C032814E3340025356C /* ASTextField.swift */ = {isa = PBXFileReference; lastKnownFileType = sourcecode.swift; path = ASTextField.swift; sourceTree = "<group>"; };
		6F8C4C052814E7BD0025356C /* ASButton.swift */ = {isa = PBXFileReference; lastKnownFileType = sourcecode.swift; path = ASButton.swift; sourceTree = "<group>"; };
		6F8C4C072814ED110025356C /* ASTextLabel.swift */ = {isa = PBXFileReference; lastKnownFileType = sourcecode.swift; path = ASTextLabel.swift; sourceTree = "<group>"; };
		6FCF51F528150E2900608FDB /* Photo.swift */ = {isa = PBXFileReference; lastKnownFileType = sourcecode.swift; path = Photo.swift; sourceTree = "<group>"; };
		6FCF51F82815120A00608FDB /* ErrorMessage.swift */ = {isa = PBXFileReference; lastKnownFileType = sourcecode.swift; path = ErrorMessage.swift; sourceTree = "<group>"; };
		6FCF51FA281515C700608FDB /* PhotoCell.swift */ = {isa = PBXFileReference; lastKnownFileType = sourcecode.swift; path = PhotoCell.swift; sourceTree = "<group>"; };
/* End PBXFileReference section */

/* Begin PBXFrameworksBuildPhase section */
		6F6F678B28125CD200F1AE2C /* Frameworks */ = {
			isa = PBXFrameworksBuildPhase;
			buildActionMask = 2147483647;
			files = (
			);
			runOnlyForDeploymentPostprocessing = 0;
		};
/* End PBXFrameworksBuildPhase section */

/* Begin PBXGroup section */
		6F6F678528125CD200F1AE2C = {
			isa = PBXGroup;
			children = (
				6F6F679028125CD200F1AE2C /* AppStemProject */,
				6F6F678F28125CD200F1AE2C /* Products */,
			);
			sourceTree = "<group>";
		};
		6F6F678F28125CD200F1AE2C /* Products */ = {
			isa = PBXGroup;
			children = (
				6F6F678E28125CD200F1AE2C /* AppStemProject.app */,
			);
			name = Products;
			sourceTree = "<group>";
		};
		6F6F679028125CD200F1AE2C /* AppStemProject */ = {
			isa = PBXGroup;
			children = (
				6FCF51F7281511F400608FDB /* ErrorMessage */,
				6F744B9328150B920020BB66 /* Managers */,
				6F6F67A528125D1800F1AE2C /* Model */,
				6F6F67A628125D1C00F1AE2C /* View */,
				6F6F67A728125D2600F1AE2C /* Controller */,
				6F6F679128125CD200F1AE2C /* AppDelegate.swift */,
				6F6F679328125CD200F1AE2C /* SceneDelegate.swift */,
				6F6F679A28125CD500F1AE2C /* Assets.xcassets */,
				6F6F679C28125CD500F1AE2C /* LaunchScreen.storyboard */,
				6F6F679F28125CD500F1AE2C /* Info.plist */,
			);
			path = AppStemProject;
			sourceTree = "<group>";
		};
		6F6F67A528125D1800F1AE2C /* Model */ = {
			isa = PBXGroup;
			children = (
				6FCF51F528150E2900608FDB /* Photo.swift */,
			);
			path = Model;
			sourceTree = "<group>";
		};
		6F6F67A628125D1C00F1AE2C /* View */ = {
			isa = PBXGroup;
			children = (
				6F8C4C032814E3340025356C /* ASTextField.swift */,
				6F8C4C052814E7BD0025356C /* ASButton.swift */,
				6F8C4C072814ED110025356C /* ASTextLabel.swift */,
				6FCF51FA281515C700608FDB /* PhotoCell.swift */,
			);
			path = View;
			sourceTree = "<group>";
		};
		6F6F67A728125D2600F1AE2C /* Controller */ = {
			isa = PBXGroup;
			children = (
				6F6F679528125CD200F1AE2C /* SearchVC.swift */,
			);
			path = Controller;
			sourceTree = "<group>";
		};
		6F744B9328150B920020BB66 /* Managers */ = {
			isa = PBXGroup;
			children = (
				6F744B9428150B9F0020BB66 /* NetworkManager.swift */,
			);
			path = Managers;
			sourceTree = "<group>";
		};
		6FCF51F7281511F400608FDB /* ErrorMessage */ = {
			isa = PBXGroup;
			children = (
				6FCF51F82815120A00608FDB /* ErrorMessage.swift */,
			);
			path = ErrorMessage;
			sourceTree = "<group>";
		};
/* End PBXGroup section */

/* Begin PBXNativeTarget section */
		6F6F678D28125CD200F1AE2C /* AppStemProject */ = {
			isa = PBXNativeTarget;
			buildConfigurationList = 6F6F67A228125CD500F1AE2C /* Build configuration list for PBXNativeTarget "AppStemProject" */;
			buildPhases = (
				6F6F678A28125CD200F1AE2C /* Sources */,
				6F6F678B28125CD200F1AE2C /* Frameworks */,
				6F6F678C28125CD200F1AE2C /* Resources */,
			);
			buildRules = (
			);
			dependencies = (
			);
			name = AppStemProject;
			productName = AppStemProject;
			productReference = 6F6F678E28125CD200F1AE2C /* AppStemProject.app */;
			productType = "com.apple.product-type.application";
		};
/* End PBXNativeTarget section */

/* Begin PBXProject section */
		6F6F678628125CD200F1AE2C /* Project object */ = {
			isa = PBXProject;
			attributes = {
				BuildIndependentTargetsInParallel = 1;
				LastSwiftUpdateCheck = 1330;
				LastUpgradeCheck = 1330;
				TargetAttributes = {
					6F6F678D28125CD200F1AE2C = {
						CreatedOnToolsVersion = 13.3.1;
					};
				};
			};
			buildConfigurationList = 6F6F678928125CD200F1AE2C /* Build configuration list for PBXProject "AppStemProject" */;
			compatibilityVersion = "Xcode 13.0";
			developmentRegion = en;
			hasScannedForEncodings = 0;
			knownRegions = (
				en,
				Base,
			);
			mainGroup = 6F6F678528125CD200F1AE2C;
			productRefGroup = 6F6F678F28125CD200F1AE2C /* Products */;
			projectDirPath = "";
			projectRoot = "";
			targets = (
				6F6F678D28125CD200F1AE2C /* AppStemProject */,
			);
		};
/* End PBXProject section */

/* Begin PBXResourcesBuildPhase section */
		6F6F678C28125CD200F1AE2C /* Resources */ = {
			isa = PBXResourcesBuildPhase;
			buildActionMask = 2147483647;
			files = (
				6F6F679E28125CD500F1AE2C /* LaunchScreen.storyboard in Resources */,
				6F6F679B28125CD500F1AE2C /* Assets.xcassets in Resources */,
			);
			runOnlyForDeploymentPostprocessing = 0;
		};
/* End PBXResourcesBuildPhase section */

/* Begin PBXSourcesBuildPhase section */
		6F6F678A28125CD200F1AE2C /* Sources */ = {
			isa = PBXSourcesBuildPhase;
			buildActionMask = 2147483647;
			files = (
				6FCF51F628150E2900608FDB /* Photo.swift in Sources */,
				6F6F679628125CD200F1AE2C /* SearchVC.swift in Sources */,
				6F8C4C082814ED110025356C /* ASTextLabel.swift in Sources */,
				6F8C4C042814E3340025356C /* ASTextField.swift in Sources */,
				6FCF51F92815120A00608FDB /* ErrorMessage.swift in Sources */,
				6F744B9528150B9F0020BB66 /* NetworkManager.swift in Sources */,
				6FCF51FB281515C700608FDB /* PhotoCell.swift in Sources */,
				6F8C4C062814E7BD0025356C /* ASButton.swift in Sources */,
				6F6F679228125CD200F1AE2C /* AppDelegate.swift in Sources */,
				6F6F679428125CD200F1AE2C /* SceneDelegate.swift in Sources */,
			);
			runOnlyForDeploymentPostprocessing = 0;
		};
/* End PBXSourcesBuildPhase section */

/* Begin PBXVariantGroup section */
		6F6F679C28125CD500F1AE2C /* LaunchScreen.storyboard */ = {
			isa = PBXVariantGroup;
			children = (
				6F6F679D28125CD500F1AE2C /* Base */,
			);
			name = LaunchScreen.storyboard;
			sourceTree = "<group>";
		};
/* End PBXVariantGroup section */

/* Begin XCBuildConfiguration section */
		6F6F67A028125CD500F1AE2C /* Debug */ = {
			isa = XCBuildConfiguration;
			buildSettings = {
				ALWAYS_SEARCH_USER_PATHS = NO;
				CLANG_ANALYZER_NONNULL = YES;
				CLANG_ANALYZER_NUMBER_OBJECT_CONVERSION = YES_AGGRESSIVE;
				CLANG_CXX_LANGUAGE_STANDARD = "gnu++17";
				CLANG_ENABLE_MODULES = YES;
				CLANG_ENABLE_OBJC_ARC = YES;
				CLANG_ENABLE_OBJC_WEAK = YES;
				CLANG_WARN_BLOCK_CAPTURE_AUTORELEASING = YES;
				CLANG_WARN_BOOL_CONVERSION = YES;
				CLANG_WARN_COMMA = YES;
				CLANG_WARN_CONSTANT_CONVERSION = YES;
				CLANG_WARN_DEPRECATED_OBJC_IMPLEMENTATIONS = YES;
				CLANG_WARN_DIRECT_OBJC_ISA_USAGE = YES_ERROR;
				CLANG_WARN_DOCUMENTATION_COMMENTS = YES;
				CLANG_WARN_EMPTY_BODY = YES;
				CLANG_WARN_ENUM_CONVERSION = YES;
				CLANG_WARN_INFINITE_RECURSION = YES;
				CLANG_WARN_INT_CONVERSION = YES;
				CLANG_WARN_NON_LITERAL_NULL_CONVERSION = YES;
				CLANG_WARN_OBJC_IMPLICIT_RETAIN_SELF = YES;
				CLANG_WARN_OBJC_LITERAL_CONVERSION = YES;
				CLANG_WARN_OBJC_ROOT_CLASS = YES_ERROR;
				CLANG_WARN_QUOTED_INCLUDE_IN_FRAMEWORK_HEADER = YES;
				CLANG_WARN_RANGE_LOOP_ANALYSIS = YES;
				CLANG_WARN_STRICT_PROTOTYPES = YES;
				CLANG_WARN_SUSPICIOUS_MOVE = YES;
				CLANG_WARN_UNGUARDED_AVAILABILITY = YES_AGGRESSIVE;
				CLANG_WARN_UNREACHABLE_CODE = YES;
				CLANG_WARN__DUPLICATE_METHOD_MATCH = YES;
				COPY_PHASE_STRIP = NO;
				DEBUG_INFORMATION_FORMAT = dwarf;
				ENABLE_STRICT_OBJC_MSGSEND = YES;
				ENABLE_TESTABILITY = YES;
				GCC_C_LANGUAGE_STANDARD = gnu11;
				GCC_DYNAMIC_NO_PIC = NO;
				GCC_NO_COMMON_BLOCKS = YES;
				GCC_OPTIMIZATION_LEVEL = 0;
				GCC_PREPROCESSOR_DEFINITIONS = (
					"DEBUG=1",
					"$(inherited)",
				);
				GCC_WARN_64_TO_32_BIT_CONVERSION = YES;
				GCC_WARN_ABOUT_RETURN_TYPE = YES_ERROR;
				GCC_WARN_UNDECLARED_SELECTOR = YES;
				GCC_WARN_UNINITIALIZED_AUTOS = YES_AGGRESSIVE;
				GCC_WARN_UNUSED_FUNCTION = YES;
				GCC_WARN_UNUSED_VARIABLE = YES;
				IPHONEOS_DEPLOYMENT_TARGET = 15.4;
				MTL_ENABLE_DEBUG_INFO = INCLUDE_SOURCE;
				MTL_FAST_MATH = YES;
				ONLY_ACTIVE_ARCH = YES;
				SDKROOT = iphoneos;
				SWIFT_ACTIVE_COMPILATION_CONDITIONS = DEBUG;
				SWIFT_OPTIMIZATION_LEVEL = "-Onone";
			};
			name = Debug;
		};
		6F6F67A128125CD500F1AE2C /* Release */ = {
			isa = XCBuildConfiguration;
			buildSettings = {
				ALWAYS_SEARCH_USER_PATHS = NO;
				CLANG_ANALYZER_NONNULL = YES;
				CLANG_ANALYZER_NUMBER_OBJECT_CONVERSION = YES_AGGRESSIVE;
				CLANG_CXX_LANGUAGE_STANDARD = "gnu++17";
				CLANG_ENABLE_MODULES = YES;
				CLANG_ENABLE_OBJC_ARC = YES;
				CLANG_ENABLE_OBJC_WEAK = YES;
				CLANG_WARN_BLOCK_CAPTURE_AUTORELEASING = YES;
				CLANG_WARN_BOOL_CONVERSION = YES;
				CLANG_WARN_COMMA = YES;
				CLANG_WARN_CONSTANT_CONVERSION = YES;
				CLANG_WARN_DEPRECATED_OBJC_IMPLEMENTATIONS = YES;
				CLANG_WARN_DIRECT_OBJC_ISA_USAGE = YES_ERROR;
				CLANG_WARN_DOCUMENTATION_COMMENTS = YES;
				CLANG_WARN_EMPTY_BODY = YES;
				CLANG_WARN_ENUM_CONVERSION = YES;
				CLANG_WARN_INFINITE_RECURSION = YES;
				CLANG_WARN_INT_CONVERSION = YES;
				CLANG_WARN_NON_LITERAL_NULL_CONVERSION = YES;
				CLANG_WARN_OBJC_IMPLICIT_RETAIN_SELF = YES;
				CLANG_WARN_OBJC_LITERAL_CONVERSION = YES;
				CLANG_WARN_OBJC_ROOT_CLASS = YES_ERROR;
				CLANG_WARN_QUOTED_INCLUDE_IN_FRAMEWORK_HEADER = YES;
				CLANG_WARN_RANGE_LOOP_ANALYSIS = YES;
				CLANG_WARN_STRICT_PROTOTYPES = YES;
				CLANG_WARN_SUSPICIOUS_MOVE = YES;
				CLANG_WARN_UNGUARDED_AVAILABILITY = YES_AGGRESSIVE;
				CLANG_WARN_UNREACHABLE_CODE = YES;
				CLANG_WARN__DUPLICATE_METHOD_MATCH = YES;
				COPY_PHASE_STRIP = NO;
				DEBUG_INFORMATION_FORMAT = "dwarf-with-dsym";
				ENABLE_NS_ASSERTIONS = NO;
				ENABLE_STRICT_OBJC_MSGSEND = YES;
				GCC_C_LANGUAGE_STANDARD = gnu11;
				GCC_NO_COMMON_BLOCKS = YES;
				GCC_WARN_64_TO_32_BIT_CONVERSION = YES;
				GCC_WARN_ABOUT_RETURN_TYPE = YES_ERROR;
				GCC_WARN_UNDECLARED_SELECTOR = YES;
				GCC_WARN_UNINITIALIZED_AUTOS = YES_AGGRESSIVE;
				GCC_WARN_UNUSED_FUNCTION = YES;
				GCC_WARN_UNUSED_VARIABLE = YES;
				IPHONEOS_DEPLOYMENT_TARGET = 15.4;
				MTL_ENABLE_DEBUG_INFO = NO;
				MTL_FAST_MATH = YES;
				SDKROOT = iphoneos;
				SWIFT_COMPILATION_MODE = wholemodule;
				SWIFT_OPTIMIZATION_LEVEL = "-O";
				VALIDATE_PRODUCT = YES;
			};
			name = Release;
		};
		6F6F67A328125CD500F1AE2C /* Debug */ = {
			isa = XCBuildConfiguration;
			buildSettings = {
				ASSETCATALOG_COMPILER_APPICON_NAME = AppIcon;
				ASSETCATALOG_COMPILER_GLOBAL_ACCENT_COLOR_NAME = AccentColor;
				CODE_SIGN_STYLE = Automatic;
				CURRENT_PROJECT_VERSION = 1;
				GENERATE_INFOPLIST_FILE = YES;
				INFOPLIST_FILE = AppStemProject/Info.plist;
				INFOPLIST_KEY_UIApplicationSupportsIndirectInputEvents = YES;
				INFOPLIST_KEY_UILaunchStoryboardName = LaunchScreen;
				INFOPLIST_KEY_UISupportedInterfaceOrientations_iPad = "UIInterfaceOrientationPortrait UIInterfaceOrientationPortraitUpsideDown UIInterfaceOrientationLandscapeLeft UIInterfaceOrientationLandscapeRight";
				INFOPLIST_KEY_UISupportedInterfaceOrientations_iPhone = "UIInterfaceOrientationPortrait UIInterfaceOrientationLandscapeLeft UIInterfaceOrientationLandscapeRight";
				LD_RUNPATH_SEARCH_PATHS = (
					"$(inherited)",
					"@executable_path/Frameworks",
				);
				MARKETING_VERSION = 1.0;
				PRODUCT_BUNDLE_IDENTIFIER = com.AppStemProject;
				PRODUCT_NAME = "$(TARGET_NAME)";
				SWIFT_EMIT_LOC_STRINGS = YES;
				SWIFT_VERSION = 5.0;
				TARGETED_DEVICE_FAMILY = "1,2";
			};
			name = Debug;
		};
		6F6F67A428125CD500F1AE2C /* Release */ = {
			isa = XCBuildConfiguration;
			buildSettings = {
				ASSETCATALOG_COMPILER_APPICON_NAME = AppIcon;
				ASSETCATALOG_COMPILER_GLOBAL_ACCENT_COLOR_NAME = AccentColor;
				CODE_SIGN_STYLE = Automatic;
				CURRENT_PROJECT_VERSION = 1;
				GENERATE_INFOPLIST_FILE = YES;
				INFOPLIST_FILE = AppStemProject/Info.plist;
				INFOPLIST_KEY_UIApplicationSupportsIndirectInputEvents = YES;
				INFOPLIST_KEY_UILaunchStoryboardName = LaunchScreen;
				INFOPLIST_KEY_UISupportedInterfaceOrientations_iPad = "UIInterfaceOrientationPortrait UIInterfaceOrientationPortraitUpsideDown UIInterfaceOrientationLandscapeLeft UIInterfaceOrientationLandscapeRight";
				INFOPLIST_KEY_UISupportedInterfaceOrientations_iPhone = "UIInterfaceOrientationPortrait UIInterfaceOrientationLandscapeLeft UIInterfaceOrientationLandscapeRight";
				LD_RUNPATH_SEARCH_PATHS = (
					"$(inherited)",
					"@executable_path/Frameworks",
				);
				MARKETING_VERSION = 1.0;
				PRODUCT_BUNDLE_IDENTIFIER = com.AppStemProject;
				PRODUCT_NAME = "$(TARGET_NAME)";
				SWIFT_EMIT_LOC_STRINGS = YES;
				SWIFT_VERSION = 5.0;
				TARGETED_DEVICE_FAMILY = "1,2";
			};
			name = Release;
		};
/* End XCBuildConfiguration section */

/* Begin XCConfigurationList section */
		6F6F678928125CD200F1AE2C /* Build configuration list for PBXProject "AppStemProject" */ = {
			isa = XCConfigurationList;
			buildConfigurations = (
				6F6F67A028125CD500F1AE2C /* Debug */,
				6F6F67A128125CD500F1AE2C /* Release */,
			);
			defaultConfigurationIsVisible = 0;
			defaultConfigurationName = Release;
		};
		6F6F67A228125CD500F1AE2C /* Build configuration list for PBXNativeTarget "AppStemProject" */ = {
			isa = XCConfigurationList;
			buildConfigurations = (
				6F6F67A328125CD500F1AE2C /* Debug */,
				6F6F67A428125CD500F1AE2C /* Release */,
			);
			defaultConfigurationIsVisible = 0;
			defaultConfigurationName = Release;
		};
/* End XCConfigurationList section */
	};
	rootObject = 6F6F678628125CD200F1AE2C /* Project object */;
}
